{
  "name": "my-js-project",
  "version": "1.0.0",
  "lockfileVersion": 2,
  "requires": true,
  "packages": {
    "": {
      "name": "my-js-project",
      "version": "1.0.0",
      "license": "ISC",
      "dependencies": {
        "cbor": "^9.0.2",
        "cbor-js": "^0.1.0"
      }
    },
    "node_modules/cbor": {
      "version": "9.0.2",
      "resolved": "https://registry.npmjs.org/cbor/-/cbor-9.0.2.tgz",
      "integrity": "sha512-JPypkxsB10s9QOWwa6zwPzqE1Md3vqpPc+cai4sAecuCsRyAtAl/pMyhPlMbT/xtPnm2dznJZYRLui57qiRhaQ==",
      "dependencies": {
        "nofilter": "^3.1.0"
      },
      "engines": {
        "node": ">=16"
      }
    },
    "node_modules/cbor-js": {
      "version": "0.1.0",
      "resolved": "https://registry.npmjs.org/cbor-js/-/cbor-js-0.1.0.tgz",
      "integrity": "sha512-7sQ/TvDZPl7csT1Sif9G0+MA0I0JOVah8+wWlJVQdVEgIbCzlN/ab3x+uvMNsc34TUvO6osQTAmB2ls80JX6tw=="
    },
    "node_modules/nofilter": {
      "version": "3.1.0",
      "resolved": "https://registry.npmjs.org/nofilter/-/nofilter-3.1.0.tgz",
      "integrity": "sha512-l2NNj07e9afPnhAhvgVrCD/oy2Ai1yfLpuo3EpiO1jFTsB4sFz6oIfAfSZyQzVpkZQ9xS8ZS5g1jCBgq4Hwo0g==",
      "engines": {
        "node": ">=12.19"
      }
    }
  },
  "dependencies": {
    "cbor": {
      "version": "9.0.2",
      "resolved": "https://registry.npmjs.org/cbor/-/cbor-9.0.2.tgz",
      "integrity": "sha512-JPypkxsB10s9QOWwa6zwPzqE1Md3vqpPc+cai4sAecuCsRyAtAl/pMyhPlMbT/xtPnm2dznJZYRLui57qiRhaQ==",
      "requires": {
        "nofilter": "^3.1.0"
      }
    },
    "cbor-js": {
      "version": "0.1.0",
      "resolved": "https://registry.npmjs.org/cbor-js/-/cbor-js-0.1.0.tgz",
      "integrity": "sha512-7sQ/TvDZPl7csT1Sif9G0+MA0I0JOVah8+wWlJVQdVEgIbCzlN/ab3x+uvMNsc34TUvO6osQTAmB2ls80JX6tw=="
    },
    "nofilter": {
      "version": "3.1.0",
      "resolved": "https://registry.npmjs.org/nofilter/-/nofilter-3.1.0.tgz",
      "integrity": "sha512-l2NNj07e9afPnhAhvgVrCD/oy2Ai1yfLpuo3EpiO1jFTsB4sFz6oIfAfSZyQzVpkZQ9xS8ZS5g1jCBgq4Hwo0g=="
    }
  }
}
